{
  "nodes": {
    "nixpkgs": {
      "locked": {
        "lastModified": 1709569716,
        "narHash": "sha256-iOR44RU4jQ+YPGrn+uQeYAp7Xo7Z/+gT+wXJoGxxLTY=",
        "owner": "NixOS",
        "repo": "nixpkgs",
        "rev": "617579a787259b9a6419492eaac670a5f7663917",
        "type": "github"
      },
      "original": {
        "owner": "NixOS",
        "ref": "nixos-23.11",
        "repo": "nixpkgs",
        "type": "github"
      }
    },
    "nixpkgs-howdy": {
      "locked": {
        "lastModified": 1705437418,
        "narHash": "sha256-Lb3UWDmXL2hfGfIx2N2Thzdhk3Qvl1LfVQnHliQGrPU=",
        "owner": "fufexan",
        "repo": "nixpkgs",
        "rev": "6c4d8308df71d57f5a56f3037867355a3858be33",
        "type": "github"
      },
      "original": {
        "owner": "fufexan",
        "ref": "howdy",
        "repo": "nixpkgs",
        "type": "github"
      }
    },
    "nixpkgs-unstable": {
      "locked": {
        "lastModified": 1709479366,
        "narHash": "sha256-n6F0n8UV6lnTZbYPl1A9q1BS0p4hduAv1mGAP17CVd0=",
        "owner": "NixOS",
        "repo": "nixpkgs",
        "rev": "b8697e57f10292a6165a20f03d2f42920dfaf973",
        "type": "github"
      },
      "original": {
        "id": "nixpkgs",
        "ref": "nixos-unstable",
        "type": "indirect"
      }
    },
    "root": {
      "inputs": {
        "nixpkgs": "nixpkgs",
        "nixpkgs-howdy": "nixpkgs-howdy",
        "nixpkgs-unstable": "nixpkgs-unstable"
      }
    }
  },
  "root": "root",
  "version": 7
}
